<?xml version="1.0" encoding="utf-8"?>
<Project ToolsVersion="4.0" xmlns="http://schemas.microsoft.com/developer/msbuild/2003">
  <ItemGroup>
    <Filter Include="Source Files">
      <UniqueIdentifier>{4FC737F1-C7A5-4376-A066-2A32D752A2FF}</UniqueIdentifier>
      <Extensions>cpp;c;cc;cxx;c++;cppm;ixx;def;odl;idl;hpj;bat;asm;asmx</Extensions>
    </Filter>
    <Filter Include="Header Files">
      <UniqueIdentifier>{93995380-89BD-4b04-88EB-625FBE52EBFB}</UniqueIdentifier>
      <Extensions>h;hh;hpp;hxx;h++;hm;inl;inc;ipp;xsd</Extensions>
    </Filter>
    <Filter Include="Resource Files">
      <UniqueIdentifier>{67DA6AB6-F800-4c08-8B7A-83BB121AAD01}</UniqueIdentifier>
      <Extensions>rc;ico;cur;bmp;dlg;rc2;rct;bin;rgs;gif;jpg;jpeg;jpe;resx;tiff;tif;png;wav;mfcribbon-ms</Extensions>
    </Filter>
    <Filter Include="Header Files\DataStructures">
      <UniqueIdentifier>{394a65d2-990c-4bf8-baad-18b1ae6f1d8a}</UniqueIdentifier>
    </Filter>
    <Filter Include="Header Files\Genome">
      <UniqueIdentifier>{81e32804-e177-411e-ac0a-1d72fae5713b}</UniqueIdentifier>
    </Filter>
    <Filter Include="Header Files\Population">
      <UniqueIdentifier>{a51ffe29-f7b3-4668-a86c-b6afa5f2e0fa}</UniqueIdentifier>
    </Filter>
    <Filter Include="Header Files\Population\Actors">
      <UniqueIdentifier>{61177aa0-ea10-4a0f-a667-80381fb90310}</UniqueIdentifier>
    </Filter>
  </ItemGroup>
  <ItemGroup>
    <ClCompile Include="Source.cpp">
      <Filter>Source Files</Filter>
    </ClCompile>
    <ClCompile Include="Node.cpp">
      <Filter>Source Files</Filter>
    </ClCompile>
    <ClCompile Include="Genome.cpp">
      <Filter>Source Files</Filter>
    </ClCompile>
    <ClCompile Include="NeatActor.cpp">
      <Filter>Source Files</Filter>
    </ClCompile>
    <ClCompile Include="XORActor.cpp">
      <Filter>Source Files</Filter>
    </ClCompile>
  </ItemGroup>
  <ItemGroup>
    <ClInclude Include="NeatConfig.h">
      <Filter>Header Files</Filter>
    </ClInclude>
    <ClInclude Include="BiMap.h">
      <Filter>Header Files\DataStructures</Filter>
    </ClInclude>
    <ClInclude Include="RandomSelectMap.h">
      <Filter>Header Files\DataStructures</Filter>
    </ClInclude>
    <ClInclude Include="Connection.h">
      <Filter>Header Files\Genome</Filter>
    </ClInclude>
    <ClInclude Include="Genome.h">
      <Filter>Header Files\Genome</Filter>
    </ClInclude>
    <ClInclude Include="Node.h">
      <Filter>Header Files\Genome</Filter>
    </ClInclude>
    <ClInclude Include="NodeGene.h">
      <Filter>Header Files\Genome</Filter>
    </ClInclude>
    <ClInclude Include="Population.h">
      <Filter>Header Files\Population</Filter>
    </ClInclude>
    <ClInclude Include="NeatActor.h">
      <Filter>Header Files\Population\Actors</Filter>
    </ClInclude>
    <ClInclude Include="Species.h">
      <Filter>Header Files\Population</Filter>
    </ClInclude>
    <ClInclude Include="WeightedRandomSelectMap.h">
      <Filter>Header Files\DataStructures</Filter>
    </ClInclude>
    <ClInclude Include="XORActor.h">
      <Filter>Header Files\Population\Actors</Filter>
    </ClInclude>
  </ItemGroup>
</Project>